
Microsoft Visual Studio Solution File, Format Version 12.00
# Visual Studio Version 17
VisualStudioVersion = 17.0.31611.283
MinimumVisualStudioVersion = 10.0.40219.1
Project("{9A19103F-16F7-4668-BE54-9A1E7A4F7556}") = "Notes", "Notes\Notes.csproj", "{E3C194C2-A51E-4B97-9E7B-A5C364F64CEF}"
EndProject
Global
	GlobalSection(SolutionConfigurationPlatforms) = preSolution
		Debug|Any CPU = Debug|Any CPU
		Release|Any CPU = Release|Any CPU
	EndGlobalSection
	GlobalSection(ProjectConfigurationPlatforms) = postSolution
		{E3C194C2-A51E-4B97-9E7B-A5C364F64CEF}.Debug|Any CPU.ActiveCfg = Debug|Any CPU
		{E3C194C2-A51E-4B97-9E7B-A5C364F64CEF}.Debug|Any CPU.Build.0 = Debug|Any CPU
		{E3C194C2-A51E-4B97-9E7B-A5C364F64CEF}.Debug|Any CPU.Deploy.0 = Debug|Any CPU
		{E3C194C2-A51E-4B97-9E7B-A5C364F64CEF}.Release|Any CPU.ActiveCfg = Release|Any CPU
		{E3C194C2-A51E-4B97-9E7B-A5C364F64CEF}.Release|Any CPU.Build.0 = Release|Any CPU
		{E3C194C2-A51E-4B97-9E7B-A5C364F64CEF}.Release|Any CPU.Deploy.0 = Release|Any CPU
	EndGlobalSection
	GlobalSection(SolutionProperties) = preSolution
		HideSolutionNode = FALSE
	EndGlobalSection
	GlobalSection(ExtensibilityGlobals) = postSolution
		SolutionGuid = {61F7FB11-1E47-470C-91E2-47F8143E1572}
	EndGlobalSection
EndGlobal
